// !$*UTF8*$!
{
	archiveVersion = 1;
	classes = {
	};
	objectVersion = 46;
	objects = {

/* Begin PBXBuildFile section */
		CD0B732017A2BA59007C75AD /* UIKit.framework in Frameworks */ = {isa = PBXBuildFile; fileRef = CD0B731F17A2BA59007C75AD /* UIKit.framework */; };
		CD0B732217A2BA59007C75AD /* Foundation.framework in Frameworks */ = {isa = PBXBuildFile; fileRef = CD0B732117A2BA59007C75AD /* Foundation.framework */; };
		CD0B732417A2BA59007C75AD /* CoreGraphics.framework in Frameworks */ = {isa = PBXBuildFile; fileRef = CD0B732317A2BA59007C75AD /* CoreGraphics.framework */; };
		CD0B732617A2BA59007C75AD /* CoreData.framework in Frameworks */ = {isa = PBXBuildFile; fileRef = CD0B732517A2BA59007C75AD /* CoreData.framework */; };
		CD0B732C17A2BA59007C75AD /* InfoPlist.strings in Resources */ = {isa = PBXBuildFile; fileRef = CD0B732A17A2BA59007C75AD /* InfoPlist.strings */; };
		CD0B732E17A2BA59007C75AD /* main.m in Sources */ = {isa = PBXBuildFile; fileRef = CD0B732D17A2BA59007C75AD /* main.m */; };
		CD0B733217A2BA59007C75AD /* AppDelegate.m in Sources */ = {isa = PBXBuildFile; fileRef = CD0B733117A2BA59007C75AD /* AppDelegate.m */; };
		CD0B733417A2BA59007C75AD /* Default.png in Resources */ = {isa = PBXBuildFile; fileRef = CD0B733317A2BA59007C75AD /* Default.png */; };
		CD0B733617A2BA59007C75AD /* Default@2x.png in Resources */ = {isa = PBXBuildFile; fileRef = CD0B733517A2BA59007C75AD /* Default@2x.png */; };
		CD0B733817A2BA59007C75AD /* Default-568h@2x.png in Resources */ = {isa = PBXBuildFile; fileRef = CD0B733717A2BA59007C75AD /* Default-568h@2x.png */; };
		CD0B733B17A2BA59007C75AD /* MainStoryboard_iPhone.storyboard in Resources */ = {isa = PBXBuildFile; fileRef = CD0B733917A2BA59007C75AD /* MainStoryboard_iPhone.storyboard */; };
		CD0B733E17A2BA59007C75AD /* MainStoryboard_iPad.storyboard in Resources */ = {isa = PBXBuildFile; fileRef = CD0B733C17A2BA59007C75AD /* MainStoryboard_iPad.storyboard */; };
		CD0B734117A2BA59007C75AD /* TeamNote.xcdatamodeld in Sources */ = {isa = PBXBuildFile; fileRef = CD0B733F17A2BA59007C75AD /* TeamNote.xcdatamodeld */; };
		CD0B734F17A2BAA0007C75AD /* mainViewController.m in Sources */ = {isa = PBXBuildFile; fileRef = CD0B734E17A2BAA0007C75AD /* mainViewController.m */; };
		CD0B735617A2C4E6007C75AD /* escheresque_ste_@2X.png in Resources */ = {isa = PBXBuildFile; fileRef = CD0B735417A2C4E6007C75AD /* escheresque_ste_@2X.png */; };
		CD0B735717A2C4E6007C75AD /* escheresque_ste.png in Resources */ = {isa = PBXBuildFile; fileRef = CD0B735517A2C4E6007C75AD /* escheresque_ste.png */; };
		CD0B735A17A2C68E007C75AD /* cream_pixels_@2X.png in Resources */ = {isa = PBXBuildFile; fileRef = CD0B735817A2C68E007C75AD /* cream_pixels_@2X.png */; };
		CD0B735B17A2C68E007C75AD /* cream_pixels.png in Resources */ = {isa = PBXBuildFile; fileRef = CD0B735917A2C68E007C75AD /* cream_pixels.png */; };
		CD0B735E17A2C9C3007C75AD /* lines@2x.png in Resources */ = {isa = PBXBuildFile; fileRef = CD0B735C17A2C9C3007C75AD /* lines@2x.png */; };
		CD0B735F17A2C9C3007C75AD /* lines.png in Resources */ = {isa = PBXBuildFile; fileRef = CD0B735D17A2C9C3007C75AD /* lines.png */; };
		CD0B736217A2CBE2007C75AD /* cog@2x.png in Resources */ = {isa = PBXBuildFile; fileRef = CD0B736017A2CBE2007C75AD /* cog@2x.png */; };
		CD0B736317A2CBE2007C75AD /* cog.png in Resources */ = {isa = PBXBuildFile; fileRef = CD0B736117A2CBE2007C75AD /* cog.png */; };
		CD0B736617A420B9007C75AD /* SettingsViewController.m in Sources */ = {isa = PBXBuildFile; fileRef = CD0B736517A420B9007C75AD /* SettingsViewController.m */; };
		CD0B736917A42132007C75AD /* ListViewController.m in Sources */ = {isa = PBXBuildFile; fileRef = CD0B736817A42132007C75AD /* ListViewController.m */; };
		CD29C36C17A6742100C08389 /* green_dust.png in Resources */ = {isa = PBXBuildFile; fileRef = CD29C36B17A6742100C08389 /* green_dust.png */; };
		CD66414117B712C200E084CB /* navTexture.png in Resources */ = {isa = PBXBuildFile; fileRef = CD66414017B712C200E084CB /* navTexture.png */; };
		CDE2450517BBF8FE009D51AB /* connect.png in Resources */ = {isa = PBXBuildFile; fileRef = CDE2450417BBF8FE009D51AB /* connect.png */; };
		CDE2451217BC003C009D51AB /* backButton@2x.png in Resources */ = {isa = PBXBuildFile; fileRef = CDE2451017BC003C009D51AB /* backButton@2x.png */; };
		CDE2451317BC003C009D51AB /* backButton.png in Resources */ = {isa = PBXBuildFile; fileRef = CDE2451117BC003C009D51AB /* backButton.png */; };
		CDF48D1517A93AA3004A389C /* ListItem.m in Sources */ = {isa = PBXBuildFile; fileRef = CDF48D1417A93AA3004A389C /* ListItem.m */; };
/* End PBXBuildFile section */

/* Begin PBXFileReference section */
		CD0B731C17A2BA59007C75AD /* TeamNote.app */ = {isa = PBXFileReference; explicitFileType = wrapper.application; includeInIndex = 0; path = TeamNote.app; sourceTree = BUILT_PRODUCTS_DIR; };
		CD0B731F17A2BA59007C75AD /* UIKit.framework */ = {isa = PBXFileReference; lastKnownFileType = wrapper.framework; name = UIKit.framework; path = System/Library/Frameworks/UIKit.framework; sourceTree = SDKROOT; };
		CD0B732117A2BA59007C75AD /* Foundation.framework */ = {isa = PBXFileReference; lastKnownFileType = wrapper.framework; name = Foundation.framework; path = System/Library/Frameworks/Foundation.framework; sourceTree = SDKROOT; };
		CD0B732317A2BA59007C75AD /* CoreGraphics.framework */ = {isa = PBXFileReference; lastKnownFileType = wrapper.framework; name = CoreGraphics.framework; path = System/Library/Frameworks/CoreGraphics.framework; sourceTree = SDKROOT; };
		CD0B732517A2BA59007C75AD /* CoreData.framework */ = {isa = PBXFileReference; lastKnownFileType = wrapper.framework; name = CoreData.framework; path = System/Library/Frameworks/CoreData.framework; sourceTree = SDKROOT; };
		CD0B732917A2BA59007C75AD /* TeamNote-Info.plist */ = {isa = PBXFileReference; lastKnownFileType = text.plist.xml; path = "TeamNote-Info.plist"; sourceTree = "<group>"; };
		CD0B732B17A2BA59007C75AD /* en */ = {isa = PBXFileReference; lastKnownFileType = text.plist.strings; name = en; path = en.lproj/InfoPlist.strings; sourceTree = "<group>"; };
		CD0B732D17A2BA59007C75AD /* main.m */ = {isa = PBXFileReference; lastKnownFileType = sourcecode.c.objc; path = main.m; sourceTree = "<group>"; };
		CD0B732F17A2BA59007C75AD /* TeamNote-Prefix.pch */ = {isa = PBXFileReference; lastKnownFileType = sourcecode.c.h; path = "TeamNote-Prefix.pch"; sourceTree = "<group>"; };
		CD0B733017A2BA59007C75AD /* AppDelegate.h */ = {isa = PBXFileReference; lastKnownFileType = sourcecode.c.h; path = AppDelegate.h; sourceTree = "<group>"; };
		CD0B733117A2BA59007C75AD /* AppDelegate.m */ = {isa = PBXFileReference; lastKnownFileType = sourcecode.c.objc; path = AppDelegate.m; sourceTree = "<group>"; };
		CD0B733317A2BA59007C75AD /* Default.png */ = {isa = PBXFileReference; lastKnownFileType = image.png; path = Default.png; sourceTree = "<group>"; };
		CD0B733517A2BA59007C75AD /* Default@2x.png */ = {isa = PBXFileReference; lastKnownFileType = image.png; path = "Default@2x.png"; sourceTree = "<group>"; };
		CD0B733717A2BA59007C75AD /* Default-568h@2x.png */ = {isa = PBXFileReference; lastKnownFileType = image.png; path = "Default-568h@2x.png"; sourceTree = "<group>"; };
		CD0B733A17A2BA59007C75AD /* en */ = {isa = PBXFileReference; lastKnownFileType = file.storyboard; name = en; path = en.lproj/MainStoryboard_iPhone.storyboard; sourceTree = "<group>"; };
		CD0B733D17A2BA59007C75AD /* en */ = {isa = PBXFileReference; lastKnownFileType = file.storyboard; name = en; path = en.lproj/MainStoryboard_iPad.storyboard; sourceTree = "<group>"; };
		CD0B734017A2BA59007C75AD /* TeamNote.xcdatamodel */ = {isa = PBXFileReference; lastKnownFileType = wrapper.xcdatamodel; path = TeamNote.xcdatamodel; sourceTree = "<group>"; };
		CD0B734D17A2BAA0007C75AD /* mainViewController.h */ = {isa = PBXFileReference; fileEncoding = 4; lastKnownFileType = sourcecode.c.h; path = mainViewController.h; sourceTree = "<group>"; };
		CD0B734E17A2BAA0007C75AD /* mainViewController.m */ = {isa = PBXFileReference; fileEncoding = 4; lastKnownFileType = sourcecode.c.objc; path = mainViewController.m; sourceTree = "<group>"; };
		CD0B735417A2C4E6007C75AD /* escheresque_ste_@2X.png */ = {isa = PBXFileReference; lastKnownFileType = image.png; path = "escheresque_ste_@2X.png"; sourceTree = "<group>"; };
		CD0B735517A2C4E6007C75AD /* escheresque_ste.png */ = {isa = PBXFileReference; lastKnownFileType = image.png; path = escheresque_ste.png; sourceTree = "<group>"; };
		CD0B735817A2C68E007C75AD /* cream_pixels_@2X.png */ = {isa = PBXFileReference; lastKnownFileType = image.png; path = "cream_pixels_@2X.png"; sourceTree = "<group>"; };
		CD0B735917A2C68E007C75AD /* cream_pixels.png */ = {isa = PBXFileReference; lastKnownFileType = image.png; path = cream_pixels.png; sourceTree = "<group>"; };
		CD0B735C17A2C9C3007C75AD /* lines@2x.png */ = {isa = PBXFileReference; lastKnownFileType = image.png; path = "lines@2x.png"; sourceTree = "<group>"; };
		CD0B735D17A2C9C3007C75AD /* lines.png */ = {isa = PBXFileReference; lastKnownFileType = image.png; path = lines.png; sourceTree = "<group>"; };
		CD0B736017A2CBE2007C75AD /* cog@2x.png */ = {isa = PBXFileReference; lastKnownFileType = image.png; path = "cog@2x.png"; sourceTree = "<group>"; };
		CD0B736117A2CBE2007C75AD /* cog.png */ = {isa = PBXFileReference; lastKnownFileType = image.png; path = cog.png; sourceTree = "<group>"; };
		CD0B736417A420B9007C75AD /* SettingsViewController.h */ = {isa = PBXFileReference; fileEncoding = 4; lastKnownFileType = sourcecode.c.h; path = SettingsViewController.h; sourceTree = "<group>"; };
		CD0B736517A420B9007C75AD /* SettingsViewController.m */ = {isa = PBXFileReference; fileEncoding = 4; lastKnownFileType = sourcecode.c.objc; path = SettingsViewController.m; sourceTree = "<group>"; };
		CD0B736717A42132007C75AD /* ListViewController.h */ = {isa = PBXFileReference; fileEncoding = 4; lastKnownFileType = sourcecode.c.h; path = ListViewController.h; sourceTree = "<group>"; };
		CD0B736817A42132007C75AD /* ListViewController.m */ = {isa = PBXFileReference; fileEncoding = 4; lastKnownFileType = sourcecode.c.objc; path = ListViewController.m; sourceTree = "<group>"; };
		CD29C36B17A6742100C08389 /* green_dust.png */ = {isa = PBXFileReference; lastKnownFileType = image.png; path = green_dust.png; sourceTree = "<group>"; };
		CD66414017B712C200E084CB /* navTexture.png */ = {isa = PBXFileReference; lastKnownFileType = image.png; path = navTexture.png; sourceTree = "<group>"; };
		CDE2450417BBF8FE009D51AB /* connect.png */ = {isa = PBXFileReference; lastKnownFileType = image.png; path = connect.png; sourceTree = "<group>"; };
		CDE2451017BC003C009D51AB /* backButton@2x.png */ = {isa = PBXFileReference; lastKnownFileType = image.png; path = "backButton@2x.png"; sourceTree = "<group>"; };
		CDE2451117BC003C009D51AB /* backButton.png */ = {isa = PBXFileReference; lastKnownFileType = image.png; path = backButton.png; sourceTree = "<group>"; };
		CDF48D1317A93AA3004A389C /* ListItem.h */ = {isa = PBXFileReference; fileEncoding = 4; lastKnownFileType = sourcecode.c.h; path = ListItem.h; sourceTree = "<group>"; };
		CDF48D1417A93AA3004A389C /* ListItem.m */ = {isa = PBXFileReference; fileEncoding = 4; lastKnownFileType = sourcecode.c.objc; path = ListItem.m; sourceTree = "<group>"; };
/* End PBXFileReference section */

/* Begin PBXFrameworksBuildPhase section */
		CD0B731917A2BA59007C75AD /* Frameworks */ = {
			isa = PBXFrameworksBuildPhase;
			buildActionMask = 2147483647;
			files = (
				CD0B732017A2BA59007C75AD /* UIKit.framework in Frameworks */,
				CD0B732217A2BA59007C75AD /* Foundation.framework in Frameworks */,
				CD0B732417A2BA59007C75AD /* CoreGraphics.framework in Frameworks */,
				CD0B732617A2BA59007C75AD /* CoreData.framework in Frameworks */,
			);
			runOnlyForDeploymentPostprocessing = 0;
		};
/* End PBXFrameworksBuildPhase section */

/* Begin PBXGroup section */
		CD0B731317A2BA59007C75AD = {
			isa = PBXGroup;
			children = (
				CD0B732717A2BA59007C75AD /* TeamNote */,
				CD0B731E17A2BA59007C75AD /* Frameworks */,
				CD0B731D17A2BA59007C75AD /* Products */,
			);
			sourceTree = "<group>";
		};
		CD0B731D17A2BA59007C75AD /* Products */ = {
			isa = PBXGroup;
			children = (
				CD0B731C17A2BA59007C75AD /* TeamNote.app */,
			);
			name = Products;
			sourceTree = "<group>";
		};
		CD0B731E17A2BA59007C75AD /* Frameworks */ = {
			isa = PBXGroup;
			children = (
				CD0B731F17A2BA59007C75AD /* UIKit.framework */,
				CD0B732117A2BA59007C75AD /* Foundation.framework */,
				CD0B732317A2BA59007C75AD /* CoreGraphics.framework */,
				CD0B732517A2BA59007C75AD /* CoreData.framework */,
			);
			name = Frameworks;
			sourceTree = "<group>";
		};
		CD0B732717A2BA59007C75AD /* TeamNote */ = {
			isa = PBXGroup;
			children = (
				CD0B733017A2BA59007C75AD /* AppDelegate.h */,
				CD0B733117A2BA59007C75AD /* AppDelegate.m */,
				CDF48D1317A93AA3004A389C /* ListItem.h */,
				CDF48D1417A93AA3004A389C /* ListItem.m */,
				CD0B734D17A2BAA0007C75AD /* mainViewController.h */,
				CD0B734E17A2BAA0007C75AD /* mainViewController.m */,
				CD0B736417A420B9007C75AD /* SettingsViewController.h */,
				CD0B736517A420B9007C75AD /* SettingsViewController.m */,
				CD0B736717A42132007C75AD /* ListViewController.h */,
				CD0B736817A42132007C75AD /* ListViewController.m */,
				CD0B733917A2BA59007C75AD /* MainStoryboard_iPhone.storyboard */,
				CD0B733C17A2BA59007C75AD /* MainStoryboard_iPad.storyboard */,
				CD0B733F17A2BA59007C75AD /* TeamNote.xcdatamodeld */,
				CD0B732817A2BA59007C75AD /* Supporting Files */,
			);
			path = TeamNote;
			sourceTree = "<group>";
		};
		CD0B732817A2BA59007C75AD /* Supporting Files */ = {
			isa = PBXGroup;
			children = (
				CD0B735417A2C4E6007C75AD /* escheresque_ste_@2X.png */,
				CD0B735517A2C4E6007C75AD /* escheresque_ste.png */,
				CD0B735817A2C68E007C75AD /* cream_pixels_@2X.png */,
				CD66414017B712C200E084CB /* navTexture.png */,
				CDE2451017BC003C009D51AB /* backButton@2x.png */,
				CDE2451117BC003C009D51AB /* backButton.png */,
				CDE2450417BBF8FE009D51AB /* connect.png */,
				CD0B735917A2C68E007C75AD /* cream_pixels.png */,
				CD0B735C17A2C9C3007C75AD /* lines@2x.png */,
				CD0B735D17A2C9C3007C75AD /* lines.png */,
				CD0B736017A2CBE2007C75AD /* cog@2x.png */,
				CD29C36B17A6742100C08389 /* green_dust.png */,
				CD0B736117A2CBE2007C75AD /* cog.png */,
				CD0B732917A2BA59007C75AD /* TeamNote-Info.plist */,
				CD0B732A17A2BA59007C75AD /* InfoPlist.strings */,
				CD0B732D17A2BA59007C75AD /* main.m */,
				CD0B732F17A2BA59007C75AD /* TeamNote-Prefix.pch */,
				CD0B733317A2BA59007C75AD /* Default.png */,
				CD0B733517A2BA59007C75AD /* Default@2x.png */,
				CD0B733717A2BA59007C75AD /* Default-568h@2x.png */,
			);
			name = "Supporting Files";
			sourceTree = "<group>";
		};
/* End PBXGroup section */

/* Begin PBXNativeTarget section */
		CD0B731B17A2BA59007C75AD /* TeamNote */ = {
			isa = PBXNativeTarget;
			buildConfigurationList = CD0B734A17A2BA59007C75AD /* Build configuration list for PBXNativeTarget "TeamNote" */;
			buildPhases = (
				CD0B731817A2BA59007C75AD /* Sources */,
				CD0B731917A2BA59007C75AD /* Frameworks */,
				CD0B731A17A2BA59007C75AD /* Resources */,
			);
			buildRules = (
			);
			dependencies = (
			);
			name = TeamNote;
			productName = TeamNote;
			productReference = CD0B731C17A2BA59007C75AD /* TeamNote.app */;
			productType = "com.apple.product-type.application";
		};
/* End PBXNativeTarget section */

/* Begin PBXProject section */
		CD0B731417A2BA59007C75AD /* Project object */ = {
			isa = PBXProject;
			attributes = {
				LastUpgradeCheck = 0460;
				ORGANIZATIONNAME = "Joshua Areogun";
			};
			buildConfigurationList = CD0B731717A2BA59007C75AD /* Build configuration list for PBXProject "TeamNote" */;
			compatibilityVersion = "Xcode 3.2";
			developmentRegion = English;
			hasScannedForEncodings = 0;
			knownRegions = (
				en,
			);
			mainGroup = CD0B731317A2BA59007C75AD;
			productRefGroup = CD0B731D17A2BA59007C75AD /* Products */;
			projectDirPath = "";
			projectRoot = "";
			targets = (
				CD0B731B17A2BA59007C75AD /* TeamNote */,
			);
		};
/* End PBXProject section */

/* Begin PBXResourcesBuildPhase section */
		CD0B731A17A2BA59007C75AD /* Resources */ = {
			isa = PBXResourcesBuildPhase;
			buildActionMask = 2147483647;
			files = (
				CD0B732C17A2BA59007C75AD /* InfoPlist.strings in Resources */,
				CD0B733417A2BA59007C75AD /* Default.png in Resources */,
				CD0B733617A2BA59007C75AD /* Default@2x.png in Resources */,
				CD0B733817A2BA59007C75AD /* Default-568h@2x.png in Resources */,
				CD0B733B17A2BA59007C75AD /* MainStoryboard_iPhone.storyboard in Resources */,
				CD0B733E17A2BA59007C75AD /* MainStoryboard_iPad.storyboard in Resources */,
				CD0B735617A2C4E6007C75AD /* escheresque_ste_@2X.png in Resources */,
				CD0B735717A2C4E6007C75AD /* escheresque_ste.png in Resources */,
				CD0B735A17A2C68E007C75AD /* cream_pixels_@2X.png in Resources */,
				CD0B735B17A2C68E007C75AD /* cream_pixels.png in Resources */,
				CD0B735E17A2C9C3007C75AD /* lines@2x.png in Resources */,
				CD0B735F17A2C9C3007C75AD /* lines.png in Resources */,
				CD0B736217A2CBE2007C75AD /* cog@2x.png in Resources */,
				CD0B736317A2CBE2007C75AD /* cog.png in Resources */,
				CD29C36C17A6742100C08389 /* green_dust.png in Resources */,
				CD66414117B712C200E084CB /* navTexture.png in Resources */,
				CDE2450517BBF8FE009D51AB /* connect.png in Resources */,
				CDE2451217BC003C009D51AB /* backButton@2x.png in Resources */,
				CDE2451317BC003C009D51AB /* backButton.png in Resources */,
			);
			runOnlyForDeploymentPostprocessing = 0;
		};
/* End PBXResourcesBuildPhase section */

/* Begin PBXSourcesBuildPhase section */
		CD0B731817A2BA59007C75AD /* Sources */ = {
			isa = PBXSourcesBuildPhase;
			buildActionMask = 2147483647;
			files = (
				CD0B732E17A2BA59007C75AD /* main.m in Sources */,
				CD0B733217A2BA59007C75AD /* AppDelegate.m in Sources */,
				CD0B734117A2BA59007C75AD /* TeamNote.xcdatamodeld in Sources */,
				CD0B734F17A2BAA0007C75AD /* mainViewController.m in Sources */,
				CD0B736617A420B9007C75AD /* SettingsViewController.m in Sources */,
				CD0B736917A42132007C75AD /* ListViewController.m in Sources */,
				CDF48D1517A93AA3004A389C /* ListItem.m in Sources */,
			);
			runOnlyForDeploymentPostprocessing = 0;
		};
/* End PBXSourcesBuildPhase section */

/* Begin PBXVariantGroup section */
		CD0B732A17A2BA59007C75AD /* InfoPlist.strings */ = {
			isa = PBXVariantGroup;
			children = (
				CD0B732B17A2BA59007C75AD /* en */,
			);
			name = InfoPlist.strings;
			sourceTree = "<group>";
		};
		CD0B733917A2BA59007C75AD /* MainStoryboard_iPhone.storyboard */ = {
			isa = PBXVariantGroup;
			children = (
				CD0B733A17A2BA59007C75AD /* en */,
			);
			name = MainStoryboard_iPhone.storyboard;
			sourceTree = "<group>";
		};
		CD0B733C17A2BA59007C75AD /* MainStoryboard_iPad.storyboard */ = {
			isa = PBXVariantGroup;
			children = (
				CD0B733D17A2BA59007C75AD /* en */,
			);
			name = MainStoryboard_iPad.storyboard;
			sourceTree = "<group>";
		};
/* End PBXVariantGroup section */

/* Begin XCBuildConfiguration section */
		CD0B734817A2BA59007C75AD /* Debug */ = {
			isa = XCBuildConfiguration;
			buildSettings = {
				ALWAYS_SEARCH_USER_PATHS = NO;
				CLANG_CXX_LANGUAGE_STANDARD = "gnu++0x";
				CLANG_CXX_LIBRARY = "libc++";
				CLANG_ENABLE_OBJC_ARC = YES;
				CLANG_WARN_CONSTANT_CONVERSION = YES;
				CLANG_WARN_EMPTY_BODY = YES;
				CLANG_WARN_ENUM_CONVERSION = YES;
				CLANG_WARN_INT_CONVERSION = YES;
				CLANG_WARN__DUPLICATE_METHOD_MATCH = YES;
				"CODE_SIGN_IDENTITY[sdk=iphoneos*]" = "iPhone Developer";
				COPY_PHASE_STRIP = NO;
				GCC_C_LANGUAGE_STANDARD = gnu99;
				GCC_DYNAMIC_NO_PIC = NO;
				GCC_OPTIMIZATION_LEVEL = 0;
				GCC_PREPROCESSOR_DEFINITIONS = (
					"DEBUG=1",
					"$(inherited)",
				);
				GCC_SYMBOLS_PRIVATE_EXTERN = NO;
				GCC_WARN_ABOUT_RETURN_TYPE = YES;
				GCC_WARN_UNINITIALIZED_AUTOS = YES;
				GCC_WARN_UNUSED_VARIABLE = YES;
				IPHONEOS_DEPLOYMENT_TARGET = 6.1;
				ONLY_ACTIVE_ARCH = YES;
				SDKROOT = iphoneos;
				TARGETED_DEVICE_FAMILY = "1,2";
			};
			name = Debug;
		};
		CD0B734917A2BA59007C75AD /* Release */ = {
			isa = XCBuildConfiguration;
			buildSettings = {
				ALWAYS_SEARCH_USER_PATHS = NO;
				CLANG_CXX_LANGUAGE_STANDARD = "gnu++0x";
				CLANG_CXX_LIBRARY = "libc++";
				CLANG_ENABLE_OBJC_ARC = YES;
				CLANG_WARN_CONSTANT_CONVERSION = YES;
				CLANG_WARN_EMPTY_BODY = YES;
				CLANG_WARN_ENUM_CONVERSION = YES;
				CLANG_WARN_INT_CONVERSION = YES;
				CLANG_WARN__DUPLICATE_METHOD_MATCH = YES;
				"CODE_SIGN_IDENTITY[sdk=iphoneos*]" = "iPhone Developer";
				COPY_PHASE_STRIP = YES;
				GCC_C_LANGUAGE_STANDARD = gnu99;
				GCC_WARN_ABOUT_RETURN_TYPE = YES;
				GCC_WARN_UNINITIALIZED_AUTOS = YES;
				GCC_WARN_UNUSED_VARIABLE = YES;
				IPHONEOS_DEPLOYMENT_TARGET = 6.1;
				OTHER_CFLAGS = "-DNS_BLOCK_ASSERTIONS=1";
				SDKROOT = iphoneos;
				TARGETED_DEVICE_FAMILY = "1,2";
				VALIDATE_PRODUCT = YES;
			};
			name = Release;
		};
		CD0B734B17A2BA59007C75AD /* Debug */ = {
			isa = XCBuildConfiguration;
			buildSettings = {
				GCC_PRECOMPILE_PREFIX_HEADER = YES;
				GCC_PREFIX_HEADER = "TeamNote/TeamNote-Prefix.pch";
				INFOPLIST_FILE = "TeamNote/TeamNote-Info.plist";
				PRODUCT_NAME = "$(TARGET_NAME)";
				WRAPPER_EXTENSION = app;
			};
			name = Debug;
		};
		CD0B734C17A2BA59007C75AD /* Release */ = {
			isa = XCBuildConfiguration;
			buildSettings = {
				GCC_PRECOMPILE_PREFIX_HEADER = YES;
				GCC_PREFIX_HEADER = "TeamNote/TeamNote-Prefix.pch";
				INFOPLIST_FILE = "TeamNote/TeamNote-Info.plist";
				PRODUCT_NAME = "$(TARGET_NAME)";
				WRAPPER_EXTENSION = app;
			};
			name = Release;
		};
/* End XCBuildConfiguration section */

/* Begin XCConfigurationList section */
		CD0B731717A2BA59007C75AD /* Build configuration list for PBXProject "TeamNote" */ = {
			isa = XCConfigurationList;
			buildConfigurations = (
				CD0B734817A2BA59007C75AD /* Debug */,
				CD0B734917A2BA59007C75AD /* Release */,
			);
			defaultConfigurationIsVisible = 0;
			defaultConfigurationName = Release;
		};
		CD0B734A17A2BA59007C75AD /* Build configuration list for PBXNativeTarget "TeamNote" */ = {
			isa = XCConfigurationList;
			buildConfigurations = (
				CD0B734B17A2BA59007C75AD /* Debug */,
				CD0B734C17A2BA59007C75AD /* Release */,
			);
			defaultConfigurationIsVisible = 0;
			defaultConfigurationName = Release;
		};
/* End XCConfigurationList section */

/* Begin XCVersionGroup section */
		CD0B733F17A2BA59007C75AD /* TeamNote.xcdatamodeld */ = {
			isa = XCVersionGroup;
			children = (
				CD0B734017A2BA59007C75AD /* TeamNote.xcdatamodel */,
			);
			currentVersion = CD0B734017A2BA59007C75AD /* TeamNote.xcdatamodel */;
			path = TeamNote.xcdatamodeld;
			sourceTree = "<group>";
			versionGroupType = wrapper.xcdatamodel;
		};
/* End XCVersionGroup section */
	};
	rootObject = CD0B731417A2BA59007C75AD /* Project object */;
}
